// !$*UTF8*$!
{
	archiveVersion = 1;
	classes = {
	};
	objectVersion = 55;
	objects = {

/* Begin PBXBuildFile section */
		11444A9B28C5F8AE002CD32D /* UserRowView.swift in Sources */ = {isa = PBXBuildFile; fileRef = 11444A9A28C5F8AE002CD32D /* UserRowView.swift */; };
		11444AA028C5FBEE002CD32D /* SideMenuView.swift in Sources */ = {isa = PBXBuildFile; fileRef = 11444A9F28C5FBEE002CD32D /* SideMenuView.swift */; };
		11444AA528C5FC17002CD32D /* SideMenuViewModel.swift in Sources */ = {isa = PBXBuildFile; fileRef = 11444AA428C5FC17002CD32D /* SideMenuViewModel.swift */; };
		11444AA828C5FE23002CD32D /* UserStatsView.swift in Sources */ = {isa = PBXBuildFile; fileRef = 11444AA728C5FE23002CD32D /* UserStatsView.swift */; };
		11444AAA28C6064A002CD32D /* SideMenuOptionRowView.swift in Sources */ = {isa = PBXBuildFile; fileRef = 11444AA928C6064A002CD32D /* SideMenuOptionRowView.swift */; };
		1184F3A728C53C1B005F6890 /* Twitter_CloneApp.swift in Sources */ = {isa = PBXBuildFile; fileRef = 1184F3A628C53C1B005F6890 /* Twitter_CloneApp.swift */; };
		1184F3A928C53C1B005F6890 /* ContentView.swift in Sources */ = {isa = PBXBuildFile; fileRef = 1184F3A828C53C1B005F6890 /* ContentView.swift */; };
		1184F3AB28C53C1D005F6890 /* Assets.xcassets in Resources */ = {isa = PBXBuildFile; fileRef = 1184F3AA28C53C1D005F6890 /* Assets.xcassets */; };
		1184F3AE28C53C1D005F6890 /* Preview Assets.xcassets in Resources */ = {isa = PBXBuildFile; fileRef = 1184F3AD28C53C1D005F6890 /* Preview Assets.xcassets */; };
		1184F3BD28C540C8005F6890 /* FeedView.swift in Sources */ = {isa = PBXBuildFile; fileRef = 1184F3BC28C540C8005F6890 /* FeedView.swift */; };
		1184F3C028C541A8005F6890 /* TweetsRowView.swift in Sources */ = {isa = PBXBuildFile; fileRef = 1184F3BF28C541A8005F6890 /* TweetsRowView.swift */; };
		1184F3C328C5E22A005F6890 /* MainTabView.swift in Sources */ = {isa = PBXBuildFile; fileRef = 1184F3C228C5E229005F6890 /* MainTabView.swift */; };
		1184F3C928C5E3E7005F6890 /* ExploreView.swift in Sources */ = {isa = PBXBuildFile; fileRef = 1184F3C828C5E3E6005F6890 /* ExploreView.swift */; };
		1184F3CB28C5E3FD005F6890 /* NotificationsView.swift in Sources */ = {isa = PBXBuildFile; fileRef = 1184F3CA28C5E3FD005F6890 /* NotificationsView.swift */; };
		1184F3CD28C5E429005F6890 /* MessagesView.swift in Sources */ = {isa = PBXBuildFile; fileRef = 1184F3CC28C5E429005F6890 /* MessagesView.swift */; };
		1184F3D128C5E55C005F6890 /* ProfileView.swift in Sources */ = {isa = PBXBuildFile; fileRef = 1184F3D028C5E55C005F6890 /* ProfileView.swift */; };
		1184F3D328C5ECD7005F6890 /* TweetFilterViewModel.swift in Sources */ = {isa = PBXBuildFile; fileRef = 1184F3D228C5ECD6005F6890 /* TweetFilterViewModel.swift */; };
/* End PBXBuildFile section */

/* Begin PBXFileReference section */
		11444A9A28C5F8AE002CD32D /* UserRowView.swift */ = {isa = PBXFileReference; lastKnownFileType = sourcecode.swift; path = UserRowView.swift; sourceTree = "<group>"; };
		11444A9F28C5FBEE002CD32D /* SideMenuView.swift */ = {isa = PBXFileReference; lastKnownFileType = sourcecode.swift; path = SideMenuView.swift; sourceTree = "<group>"; };
		11444AA428C5FC17002CD32D /* SideMenuViewModel.swift */ = {isa = PBXFileReference; lastKnownFileType = sourcecode.swift; path = SideMenuViewModel.swift; sourceTree = "<group>"; };
		11444AA728C5FE23002CD32D /* UserStatsView.swift */ = {isa = PBXFileReference; lastKnownFileType = sourcecode.swift; path = UserStatsView.swift; sourceTree = "<group>"; };
		11444AA928C6064A002CD32D /* SideMenuOptionRowView.swift */ = {isa = PBXFileReference; lastKnownFileType = sourcecode.swift; path = SideMenuOptionRowView.swift; sourceTree = "<group>"; };
		1184F3A328C53C1B005F6890 /* Twitter Clone.app */ = {isa = PBXFileReference; explicitFileType = wrapper.application; includeInIndex = 0; path = "Twitter Clone.app"; sourceTree = BUILT_PRODUCTS_DIR; };
		1184F3A628C53C1B005F6890 /* Twitter_CloneApp.swift */ = {isa = PBXFileReference; lastKnownFileType = sourcecode.swift; path = Twitter_CloneApp.swift; sourceTree = "<group>"; };
		1184F3A828C53C1B005F6890 /* ContentView.swift */ = {isa = PBXFileReference; lastKnownFileType = sourcecode.swift; path = ContentView.swift; sourceTree = "<group>"; };
		1184F3AA28C53C1D005F6890 /* Assets.xcassets */ = {isa = PBXFileReference; lastKnownFileType = folder.assetcatalog; path = Assets.xcassets; sourceTree = "<group>"; };
		1184F3AD28C53C1D005F6890 /* Preview Assets.xcassets */ = {isa = PBXFileReference; lastKnownFileType = folder.assetcatalog; path = "Preview Assets.xcassets"; sourceTree = "<group>"; };
		1184F3BC28C540C8005F6890 /* FeedView.swift */ = {isa = PBXFileReference; lastKnownFileType = sourcecode.swift; path = FeedView.swift; sourceTree = "<group>"; };
		1184F3BF28C541A8005F6890 /* TweetsRowView.swift */ = {isa = PBXFileReference; lastKnownFileType = sourcecode.swift; path = TweetsRowView.swift; sourceTree = "<group>"; };
		1184F3C228C5E229005F6890 /* MainTabView.swift */ = {isa = PBXFileReference; lastKnownFileType = sourcecode.swift; path = MainTabView.swift; sourceTree = "<group>"; };
		1184F3C828C5E3E6005F6890 /* ExploreView.swift */ = {isa = PBXFileReference; lastKnownFileType = sourcecode.swift; path = ExploreView.swift; sourceTree = "<group>"; };
		1184F3CA28C5E3FD005F6890 /* NotificationsView.swift */ = {isa = PBXFileReference; lastKnownFileType = sourcecode.swift; path = NotificationsView.swift; sourceTree = "<group>"; };
		1184F3CC28C5E429005F6890 /* MessagesView.swift */ = {isa = PBXFileReference; lastKnownFileType = sourcecode.swift; path = MessagesView.swift; sourceTree = "<group>"; };
		1184F3D028C5E55C005F6890 /* ProfileView.swift */ = {isa = PBXFileReference; lastKnownFileType = sourcecode.swift; path = ProfileView.swift; sourceTree = "<group>"; };
		1184F3D228C5ECD6005F6890 /* TweetFilterViewModel.swift */ = {isa = PBXFileReference; lastKnownFileType = sourcecode.swift; path = TweetFilterViewModel.swift; sourceTree = "<group>"; };
/* End PBXFileReference section */

/* Begin PBXFrameworksBuildPhase section */
		1184F3A028C53C1B005F6890 /* Frameworks */ = {
			isa = PBXFrameworksBuildPhase;
			buildActionMask = 2147483647;
			files = (
			);
			runOnlyForDeploymentPostprocessing = 0;
		};
/* End PBXFrameworksBuildPhase section */

/* Begin PBXGroup section */
		11444A9728C5F76D002CD32D /* ViewModel */ = {
			isa = PBXGroup;
			children = (
			);
			path = ViewModel;
			sourceTree = "<group>";
		};
		11444A9828C5F776002CD32D /* Views */ = {
			isa = PBXGroup;
			children = (
				1184F3C828C5E3E6005F6890 /* ExploreView.swift */,
			);
			path = Views;
			sourceTree = "<group>";
		};
		11444A9928C5F7BA002CD32D /* Users */ = {
			isa = PBXGroup;
			children = (
				11444A9A28C5F8AE002CD32D /* UserRowView.swift */,
				11444AA728C5FE23002CD32D /* UserStatsView.swift */,
			);
			path = Users;
			sourceTree = "<group>";
		};
		11444A9C28C5FB60002CD32D /* SideMenu */ = {
			isa = PBXGroup;
			children = (
				11444A9E28C5FBDE002CD32D /* Views */,
				11444A9D28C5FBD4002CD32D /* ViewModel */,
			);
			path = SideMenu;
			sourceTree = "<group>";
		};
		11444A9D28C5FBD4002CD32D /* ViewModel */ = {
			isa = PBXGroup;
			children = (
				11444AA428C5FC17002CD32D /* SideMenuViewModel.swift */,
			);
			path = ViewModel;
			sourceTree = "<group>";
		};
		11444A9E28C5FBDE002CD32D /* Views */ = {
			isa = PBXGroup;
			children = (
				11444A9F28C5FBEE002CD32D /* SideMenuView.swift */,
				11444AA928C6064A002CD32D /* SideMenuOptionRowView.swift */,
			);
			path = Views;
			sourceTree = "<group>";
		};
		1184F39A28C53C1B005F6890 = {
			isa = PBXGroup;
			children = (
				1184F3A528C53C1B005F6890 /* Twitter Clone */,
				1184F3A428C53C1B005F6890 /* Products */,
			);
			sourceTree = "<group>";
		};
		1184F3A428C53C1B005F6890 /* Products */ = {
			isa = PBXGroup;
			children = (
				1184F3A328C53C1B005F6890 /* Twitter Clone.app */,
			);
			name = Products;
			sourceTree = "<group>";
		};
		1184F3A528C53C1B005F6890 /* Twitter Clone */ = {
			isa = PBXGroup;
			children = (
				1184F3B728C53CE7005F6890 /* Extensions */,
				1184F3B628C53CE4005F6890 /* Model */,
				1184F3B528C53CE2005F6890 /* Service */,
				1184F3B428C53CD9005F6890 /* Core */,
				1184F3A628C53C1B005F6890 /* Twitter_CloneApp.swift */,
				1184F3A828C53C1B005F6890 /* ContentView.swift */,
				1184F3AA28C53C1D005F6890 /* Assets.xcassets */,
				1184F3AC28C53C1D005F6890 /* Preview Content */,
			);
			path = "Twitter Clone";
			sourceTree = "<group>";
		};
		1184F3AC28C53C1D005F6890 /* Preview Content */ = {
			isa = PBXGroup;
			children = (
				1184F3AD28C53C1D005F6890 /* Preview Assets.xcassets */,
			);
			path = "Preview Content";
			sourceTree = "<group>";
		};
		1184F3B428C53CD9005F6890 /* Core */ = {
			isa = PBXGroup;
			children = (
				1184F3B828C53CFD005F6890 /* Components */,
				11444A9C28C5FB60002CD32D /* SideMenu */,
				1184F3C728C5E3BF005F6890 /* Profile */,
				1184F3C628C5E3A6005F6890 /* Explore */,
				1184F3C528C5E3A1005F6890 /* Notifications */,
				1184F3C428C5E39B005F6890 /* Messages */,
				1184F3B928C53D06005F6890 /* Feed */,
				1184F3C128C5E186005F6890 /* MainTab */,
			);
			path = Core;
			sourceTree = "<group>";
		};
		1184F3B528C53CE2005F6890 /* Service */ = {
			isa = PBXGroup;
			children = (
			);
			path = Service;
			sourceTree = "<group>";
		};
		1184F3B628C53CE4005F6890 /* Model */ = {
			isa = PBXGroup;
			children = (
			);
			path = Model;
			sourceTree = "<group>";
		};
		1184F3B728C53CE7005F6890 /* Extensions */ = {
			isa = PBXGroup;
			children = (
			);
			path = Extensions;
			sourceTree = "<group>";
		};
		1184F3B828C53CFD005F6890 /* Components */ = {
			isa = PBXGroup;
			children = (
				11444A9928C5F7BA002CD32D /* Users */,
				1184F3BE28C54139005F6890 /* Tweets */,
			);
			path = Components;
			sourceTree = "<group>";
		};
		1184F3B928C53D06005F6890 /* Feed */ = {
			isa = PBXGroup;
			children = (
				1184F3BA28C53D58005F6890 /* ViewModels */,
				1184F3BB28C53D61005F6890 /* View */,
			);
			path = Feed;
			sourceTree = "<group>";
		};
		1184F3BA28C53D58005F6890 /* ViewModels */ = {
			isa = PBXGroup;
			children = (
			);
			path = ViewModels;
			sourceTree = "<group>";
		};
		1184F3BB28C53D61005F6890 /* View */ = {
			isa = PBXGroup;
			children = (
				1184F3BC28C540C8005F6890 /* FeedView.swift */,
			);
			path = View;
			sourceTree = "<group>";
		};
		1184F3BE28C54139005F6890 /* Tweets */ = {
			isa = PBXGroup;
			children = (
				1184F3BF28C541A8005F6890 /* TweetsRowView.swift */,
			);
			path = Tweets;
			sourceTree = "<group>";
		};
		1184F3C128C5E186005F6890 /* MainTab */ = {
			isa = PBXGroup;
			children = (
				1184F3C228C5E229005F6890 /* MainTabView.swift */,
			);
			path = MainTab;
			sourceTree = "<group>";
		};
		1184F3C428C5E39B005F6890 /* Messages */ = {
			isa = PBXGroup;
			children = (
				1184F3CC28C5E429005F6890 /* MessagesView.swift */,
			);
			path = Messages;
			sourceTree = "<group>";
		};
		1184F3C528C5E3A1005F6890 /* Notifications */ = {
			isa = PBXGroup;
			children = (
				1184F3CA28C5E3FD005F6890 /* NotificationsView.swift */,
			);
			path = Notifications;
			sourceTree = "<group>";
		};
		1184F3C628C5E3A6005F6890 /* Explore */ = {
			isa = PBXGroup;
			children = (
				11444A9828C5F776002CD32D /* Views */,
				11444A9728C5F76D002CD32D /* ViewModel */,
			);
			path = Explore;
			sourceTree = "<group>";
		};
		1184F3C728C5E3BF005F6890 /* Profile */ = {
			isa = PBXGroup;
			children = (
				1184F3CF28C5E547005F6890 /* Views */,
				1184F3CE28C5E53C005F6890 /* Viewmodels */,
			);
			path = Profile;
			sourceTree = "<group>";
		};
		1184F3CE28C5E53C005F6890 /* Viewmodels */ = {
			isa = PBXGroup;
			children = (
				1184F3D228C5ECD6005F6890 /* TweetFilterViewModel.swift */,
			);
			path = Viewmodels;
			sourceTree = "<group>";
		};
		1184F3CF28C5E547005F6890 /* Views */ = {
			isa = PBXGroup;
			children = (
				1184F3D028C5E55C005F6890 /* ProfileView.swift */,
			);
			path = Views;
			sourceTree = "<group>";
		};
/* End PBXGroup section */

/* Begin PBXNativeTarget section */
		1184F3A228C53C1B005F6890 /* Twitter Clone */ = {
			isa = PBXNativeTarget;
			buildConfigurationList = 1184F3B128C53C1D005F6890 /* Build configuration list for PBXNativeTarget "Twitter Clone" */;
			buildPhases = (
				1184F39F28C53C1B005F6890 /* Sources */,
				1184F3A028C53C1B005F6890 /* Frameworks */,
				1184F3A128C53C1B005F6890 /* Resources */,
			);
			buildRules = (
			);
			dependencies = (
			);
			name = "Twitter Clone";
			productName = "Twitter Clone";
			productReference = 1184F3A328C53C1B005F6890 /* Twitter Clone.app */;
			productType = "com.apple.product-type.application";
		};
/* End PBXNativeTarget section */

/* Begin PBXProject section */
		1184F39B28C53C1B005F6890 /* Project object */ = {
			isa = PBXProject;
			attributes = {
				BuildIndependentTargetsInParallel = 1;
				LastSwiftUpdateCheck = 1340;
				LastUpgradeCheck = 1340;
				TargetAttributes = {
					1184F3A228C53C1B005F6890 = {
						CreatedOnToolsVersion = 13.4.1;
					};
				};
			};
			buildConfigurationList = 1184F39E28C53C1B005F6890 /* Build configuration list for PBXProject "Twitter Clone" */;
			compatibilityVersion = "Xcode 13.0";
			developmentRegion = en;
			hasScannedForEncodings = 0;
			knownRegions = (
				en,
				Base,
			);
			mainGroup = 1184F39A28C53C1B005F6890;
			productRefGroup = 1184F3A428C53C1B005F6890 /* Products */;
			projectDirPath = "";
			projectRoot = "";
			targets = (
				1184F3A228C53C1B005F6890 /* Twitter Clone */,
			);
		};
/* End PBXProject section */

/* Begin PBXResourcesBuildPhase section */
		1184F3A128C53C1B005F6890 /* Resources */ = {
			isa = PBXResourcesBuildPhase;
			buildActionMask = 2147483647;
			files = (
				1184F3AE28C53C1D005F6890 /* Preview Assets.xcassets in Resources */,
				1184F3AB28C53C1D005F6890 /* Assets.xcassets in Resources */,
			);
			runOnlyForDeploymentPostprocessing = 0;
		};
/* End PBXResourcesBuildPhase section */

/* Begin PBXSourcesBuildPhase section */
		1184F39F28C53C1B005F6890 /* Sources */ = {
			isa = PBXSourcesBuildPhase;
			buildActionMask = 2147483647;
			files = (
				1184F3CD28C5E429005F6890 /* MessagesView.swift in Sources */,
				1184F3D128C5E55C005F6890 /* ProfileView.swift in Sources */,
				1184F3A928C53C1B005F6890 /* ContentView.swift in Sources */,
				1184F3C028C541A8005F6890 /* TweetsRowView.swift in Sources */,
				1184F3D328C5ECD7005F6890 /* TweetFilterViewModel.swift in Sources */,
				1184F3BD28C540C8005F6890 /* FeedView.swift in Sources */,
				11444AA028C5FBEE002CD32D /* SideMenuView.swift in Sources */,
				11444AA828C5FE23002CD32D /* UserStatsView.swift in Sources */,
				1184F3A728C53C1B005F6890 /* Twitter_CloneApp.swift in Sources */,
				1184F3C928C5E3E7005F6890 /* ExploreView.swift in Sources */,
				11444AA528C5FC17002CD32D /* SideMenuViewModel.swift in Sources */,
				11444AAA28C6064A002CD32D /* SideMenuOptionRowView.swift in Sources */,
				11444A9B28C5F8AE002CD32D /* UserRowView.swift in Sources */,
				1184F3C328C5E22A005F6890 /* MainTabView.swift in Sources */,
				1184F3CB28C5E3FD005F6890 /* NotificationsView.swift in Sources */,
			);
			runOnlyForDeploymentPostprocessing = 0;
		};
/* End PBXSourcesBuildPhase section */

/* Begin XCBuildConfiguration section */
		1184F3AF28C53C1D005F6890 /* Debug */ = {
			isa = XCBuildConfiguration;
			buildSettings = {
				ALWAYS_SEARCH_USER_PATHS = NO;
				CLANG_ANALYZER_NONNULL = YES;
				CLANG_ANALYZER_NUMBER_OBJECT_CONVERSION = YES_AGGRESSIVE;
				CLANG_CXX_LANGUAGE_STANDARD = "gnu++17";
				CLANG_ENABLE_MODULES = YES;
				CLANG_ENABLE_OBJC_ARC = YES;
				CLANG_ENABLE_OBJC_WEAK = YES;
				CLANG_WARN_BLOCK_CAPTURE_AUTORELEASING = YES;
				CLANG_WARN_BOOL_CONVERSION = YES;
				CLANG_WARN_COMMA = YES;
				CLANG_WARN_CONSTANT_CONVERSION = YES;
				CLANG_WARN_DEPRECATED_OBJC_IMPLEMENTATIONS = YES;
				CLANG_WARN_DIRECT_OBJC_ISA_USAGE = YES_ERROR;
				CLANG_WARN_DOCUMENTATION_COMMENTS = YES;
				CLANG_WARN_EMPTY_BODY = YES;
				CLANG_WARN_ENUM_CONVERSION = YES;
				CLANG_WARN_INFINITE_RECURSION = YES;
				CLANG_WARN_INT_CONVERSION = YES;
				CLANG_WARN_NON_LITERAL_NULL_CONVERSION = YES;
				CLANG_WARN_OBJC_IMPLICIT_RETAIN_SELF = YES;
				CLANG_WARN_OBJC_LITERAL_CONVERSION = YES;
				CLANG_WARN_OBJC_ROOT_CLASS = YES_ERROR;
				CLANG_WARN_QUOTED_INCLUDE_IN_FRAMEWORK_HEADER = YES;
				CLANG_WARN_RANGE_LOOP_ANALYSIS = YES;
				CLANG_WARN_STRICT_PROTOTYPES = YES;
				CLANG_WARN_SUSPICIOUS_MOVE = YES;
				CLANG_WARN_UNGUARDED_AVAILABILITY = YES_AGGRESSIVE;
				CLANG_WARN_UNREACHABLE_CODE = YES;
				CLANG_WARN__DUPLICATE_METHOD_MATCH = YES;
				COPY_PHASE_STRIP = NO;
				DEBUG_INFORMATION_FORMAT = dwarf;
				ENABLE_STRICT_OBJC_MSGSEND = YES;
				ENABLE_TESTABILITY = YES;
				GCC_C_LANGUAGE_STANDARD = gnu11;
				GCC_DYNAMIC_NO_PIC = NO;
				GCC_NO_COMMON_BLOCKS = YES;
				GCC_OPTIMIZATION_LEVEL = 0;
				GCC_PREPROCESSOR_DEFINITIONS = (
					"DEBUG=1",
					"$(inherited)",
				);
				GCC_WARN_64_TO_32_BIT_CONVERSION = YES;
				GCC_WARN_ABOUT_RETURN_TYPE = YES_ERROR;
				GCC_WARN_UNDECLARED_SELECTOR = YES;
				GCC_WARN_UNINITIALIZED_AUTOS = YES_AGGRESSIVE;
				GCC_WARN_UNUSED_FUNCTION = YES;
				GCC_WARN_UNUSED_VARIABLE = YES;
				IPHONEOS_DEPLOYMENT_TARGET = 15.5;
				MTL_ENABLE_DEBUG_INFO = INCLUDE_SOURCE;
				MTL_FAST_MATH = YES;
				ONLY_ACTIVE_ARCH = YES;
				SDKROOT = iphoneos;
				SWIFT_ACTIVE_COMPILATION_CONDITIONS = DEBUG;
				SWIFT_OPTIMIZATION_LEVEL = "-Onone";
			};
			name = Debug;
		};
		1184F3B028C53C1D005F6890 /* Release */ = {
			isa = XCBuildConfiguration;
			buildSettings = {
				ALWAYS_SEARCH_USER_PATHS = NO;
				CLANG_ANALYZER_NONNULL = YES;
				CLANG_ANALYZER_NUMBER_OBJECT_CONVERSION = YES_AGGRESSIVE;
				CLANG_CXX_LANGUAGE_STANDARD = "gnu++17";
				CLANG_ENABLE_MODULES = YES;
				CLANG_ENABLE_OBJC_ARC = YES;
				CLANG_ENABLE_OBJC_WEAK = YES;
				CLANG_WARN_BLOCK_CAPTURE_AUTORELEASING = YES;
				CLANG_WARN_BOOL_CONVERSION = YES;
				CLANG_WARN_COMMA = YES;
				CLANG_WARN_CONSTANT_CONVERSION = YES;
				CLANG_WARN_DEPRECATED_OBJC_IMPLEMENTATIONS = YES;
				CLANG_WARN_DIRECT_OBJC_ISA_USAGE = YES_ERROR;
				CLANG_WARN_DOCUMENTATION_COMMENTS = YES;
				CLANG_WARN_EMPTY_BODY = YES;
				CLANG_WARN_ENUM_CONVERSION = YES;
				CLANG_WARN_INFINITE_RECURSION = YES;
				CLANG_WARN_INT_CONVERSION = YES;
				CLANG_WARN_NON_LITERAL_NULL_CONVERSION = YES;
				CLANG_WARN_OBJC_IMPLICIT_RETAIN_SELF = YES;
				CLANG_WARN_OBJC_LITERAL_CONVERSION = YES;
				CLANG_WARN_OBJC_ROOT_CLASS = YES_ERROR;
				CLANG_WARN_QUOTED_INCLUDE_IN_FRAMEWORK_HEADER = YES;
				CLANG_WARN_RANGE_LOOP_ANALYSIS = YES;
				CLANG_WARN_STRICT_PROTOTYPES = YES;
				CLANG_WARN_SUSPICIOUS_MOVE = YES;
				CLANG_WARN_UNGUARDED_AVAILABILITY = YES_AGGRESSIVE;
				CLANG_WARN_UNREACHABLE_CODE = YES;
				CLANG_WARN__DUPLICATE_METHOD_MATCH = YES;
				COPY_PHASE_STRIP = NO;
				DEBUG_INFORMATION_FORMAT = "dwarf-with-dsym";
				ENABLE_NS_ASSERTIONS = NO;
				ENABLE_STRICT_OBJC_MSGSEND = YES;
				GCC_C_LANGUAGE_STANDARD = gnu11;
				GCC_NO_COMMON_BLOCKS = YES;
				GCC_WARN_64_TO_32_BIT_CONVERSION = YES;
				GCC_WARN_ABOUT_RETURN_TYPE = YES_ERROR;
				GCC_WARN_UNDECLARED_SELECTOR = YES;
				GCC_WARN_UNINITIALIZED_AUTOS = YES_AGGRESSIVE;
				GCC_WARN_UNUSED_FUNCTION = YES;
				GCC_WARN_UNUSED_VARIABLE = YES;
				IPHONEOS_DEPLOYMENT_TARGET = 15.5;
				MTL_ENABLE_DEBUG_INFO = NO;
				MTL_FAST_MATH = YES;
				SDKROOT = iphoneos;
				SWIFT_COMPILATION_MODE = wholemodule;
				SWIFT_OPTIMIZATION_LEVEL = "-O";
				VALIDATE_PRODUCT = YES;
			};
			name = Release;
		};
		1184F3B228C53C1D005F6890 /* Debug */ = {
			isa = XCBuildConfiguration;
			buildSettings = {
				ASSETCATALOG_COMPILER_APPICON_NAME = AppIcon;
				ASSETCATALOG_COMPILER_GLOBAL_ACCENT_COLOR_NAME = AccentColor;
				CODE_SIGN_STYLE = Automatic;
				CURRENT_PROJECT_VERSION = 1;
				DEVELOPMENT_ASSET_PATHS = "\"Twitter Clone/Preview Content\"";
				DEVELOPMENT_TEAM = 7UBSJTUZQK;
				ENABLE_PREVIEWS = YES;
				GENERATE_INFOPLIST_FILE = YES;
				INFOPLIST_KEY_UIApplicationSceneManifest_Generation = YES;
				INFOPLIST_KEY_UIApplicationSupportsIndirectInputEvents = YES;
				INFOPLIST_KEY_UILaunchScreen_Generation = YES;
				INFOPLIST_KEY_UISupportedInterfaceOrientations_iPad = "UIInterfaceOrientationPortrait UIInterfaceOrientationPortraitUpsideDown UIInterfaceOrientationLandscapeLeft UIInterfaceOrientationLandscapeRight";
				INFOPLIST_KEY_UISupportedInterfaceOrientations_iPhone = "UIInterfaceOrientationPortrait UIInterfaceOrientationLandscapeLeft UIInterfaceOrientationLandscapeRight";
				LD_RUNPATH_SEARCH_PATHS = (
					"$(inherited)",
					"@executable_path/Frameworks",
				);
				MARKETING_VERSION = 1.0;
				PRODUCT_BUNDLE_IDENTIFIER = "com.onlite.Twitter-Clone";
				PRODUCT_NAME = "$(TARGET_NAME)";
				SWIFT_EMIT_LOC_STRINGS = YES;
				SWIFT_VERSION = 5.0;
				TARGETED_DEVICE_FAMILY = "1,2";
			};
			name = Debug;
		};
		1184F3B328C53C1D005F6890 /* Release */ = {
			isa = XCBuildConfiguration;
			buildSettings = {
				ASSETCATALOG_COMPILER_APPICON_NAME = AppIcon;
				ASSETCATALOG_COMPILER_GLOBAL_ACCENT_COLOR_NAME = AccentColor;
				CODE_SIGN_STYLE = Automatic;
				CURRENT_PROJECT_VERSION = 1;
				DEVELOPMENT_ASSET_PATHS = "\"Twitter Clone/Preview Content\"";
				DEVELOPMENT_TEAM = 7UBSJTUZQK;
				ENABLE_PREVIEWS = YES;
				GENERATE_INFOPLIST_FILE = YES;
				INFOPLIST_KEY_UIApplicationSceneManifest_Generation = YES;
				INFOPLIST_KEY_UIApplicationSupportsIndirectInputEvents = YES;
				INFOPLIST_KEY_UILaunchScreen_Generation = YES;
				INFOPLIST_KEY_UISupportedInterfaceOrientations_iPad = "UIInterfaceOrientationPortrait UIInterfaceOrientationPortraitUpsideDown UIInterfaceOrientationLandscapeLeft UIInterfaceOrientationLandscapeRight";
				INFOPLIST_KEY_UISupportedInterfaceOrientations_iPhone = "UIInterfaceOrientationPortrait UIInterfaceOrientationLandscapeLeft UIInterfaceOrientationLandscapeRight";
				LD_RUNPATH_SEARCH_PATHS = (
					"$(inherited)",
					"@executable_path/Frameworks",
				);
				MARKETING_VERSION = 1.0;
				PRODUCT_BUNDLE_IDENTIFIER = "com.onlite.Twitter-Clone";
				PRODUCT_NAME = "$(TARGET_NAME)";
				SWIFT_EMIT_LOC_STRINGS = YES;
				SWIFT_VERSION = 5.0;
				TARGETED_DEVICE_FAMILY = "1,2";
			};
			name = Release;
		};
/* End XCBuildConfiguration section */

/* Begin XCConfigurationList section */
		1184F39E28C53C1B005F6890 /* Build configuration list for PBXProject "Twitter Clone" */ = {
			isa = XCConfigurationList;
			buildConfigurations = (
				1184F3AF28C53C1D005F6890 /* Debug */,
				1184F3B028C53C1D005F6890 /* Release */,
			);
			defaultConfigurationIsVisible = 0;
			defaultConfigurationName = Release;
		};
		1184F3B128C53C1D005F6890 /* Build configuration list for PBXNativeTarget "Twitter Clone" */ = {
			isa = XCConfigurationList;
			buildConfigurations = (
				1184F3B228C53C1D005F6890 /* Debug */,
				1184F3B328C53C1D005F6890 /* Release */,
			);
			defaultConfigurationIsVisible = 0;
			defaultConfigurationName = Release;
		};
/* End XCConfigurationList section */
	};
	rootObject = 1184F39B28C53C1B005F6890 /* Project object */;
}
